
Microsoft Visual Studio Solution File, Format Version 12.00
# Visual Studio Version 16
VisualStudioVersion = 16.0.31025.194
MinimumVisualStudioVersion = 10.0.40219.1
Project("{FAE04EC0-301F-11D3-BF4B-00C04F79EFBC}") = "WebStore", "WebStore.csproj", "{59D47C40-CF15-45E0-A5DC-DC40F538DCE3}"
EndProject
Global
	GlobalSection(SolutionConfigurationPlatforms) = preSolution
		Debug|Any CPU = Debug|Any CPU
		Release|Any CPU = Release|Any CPU
	EndGlobalSection
	GlobalSection(ProjectConfigurationPlatforms) = postSolution
		{59D47C40-CF15-45E0-A5DC-DC40F538DCE3}.Debug|Any CPU.ActiveCfg = Debug|Any CPU
		{59D47C40-CF15-45E0-A5DC-DC40F538DCE3}.Debug|Any CPU.Build.0 = Debug|Any CPU
		{59D47C40-CF15-45E0-A5DC-DC40F538DCE3}.Release|Any CPU.ActiveCfg = Release|Any CPU
		{59D47C40-CF15-45E0-A5DC-DC40F538DCE3}.Release|Any CPU.Build.0 = Release|Any CPU
	EndGlobalSection
	GlobalSection(SolutionProperties) = preSolution
		HideSolutionNode = FALSE
	EndGlobalSection
	GlobalSection(ExtensibilityGlobals) = postSolution
		SolutionGuid = {FBFF7A46-A657-4649-9189-1A8B170D6882}
	EndGlobalSection
EndGlobal
